# THIS IS AN AUTOGENERATED FILE. DO NOT EDIT THIS FILE DIRECTLY.
# yarn lockfile v1


node-xlsx@^0.24.0:
  version "0.24.0"
  resolved "https://registry.npmmirror.com/node-xlsx/-/node-xlsx-0.24.0.tgz#a6a365acb18ad37c66c2b254b6ebe0c22dc9dc6f"
  integrity sha512-1olwK48XK9nXZsyH/FCltvGrQYvXXZuxVitxXXv2GIuRm51aBi1+5KwR4rWM4KeO61sFU+00913WLZTD+AcXEg==
  dependencies:
    xlsx "https://cdn.sheetjs.com/xlsx-0.20.2/xlsx-0.20.2.tgz"

"xlsx@https://cdn.sheetjs.com/xlsx-0.20.2/xlsx-0.20.2.tgz":
  version "0.20.2"
  resolved "https://cdn.sheetjs.com/xlsx-0.20.2/xlsx-0.20.2.tgz#0f64eeed3f1a46e64724620c3553f2dbd3cd2d7d"
